
Microsoft Visual Studio Solution File, Format Version 12.00
# Visual Studio 15
VisualStudioVersion = 15.0.26430.6
MinimumVisualStudioVersion = 10.0.40219.1
Project("{2150E333-8FDC-42A3-9474-1A3956D46DE8}") = "Presentation.Layer", "Presentation.Layer", "{F9C76025-EF4E-4E31-8FAD-2EE0607FCE09}"
EndProject
Project("{2150E333-8FDC-42A3-9474-1A3956D46DE8}") = "Service.Layer", "Service.Layer", "{3069CC76-5DBA-48F9-86E6-ADA1915ACFFA}"
EndProject
Project("{2150E333-8FDC-42A3-9474-1A3956D46DE8}") = "Business.Layer", "Business.Layer", "{60622112-16D0-49EE-9290-D16C701D7D0A}"
EndProject
Project("{2150E333-8FDC-42A3-9474-1A3956D46DE8}") = "Data.Access.Layer", "Data.Access.Layer", "{6C80D92C-6AD4-44D3-82DF-C987BCB48F5E}"
EndProject
Project("{2150E333-8FDC-42A3-9474-1A3956D46DE8}") = "Crosscutting.Concerns", "Crosscutting.Concerns", "{28692964-ECAF-4324-800F-0F2A38DC41CB}"
EndProject
Project("{FAE04EC0-301F-11D3-BF4B-00C04F79EFBC}") = "Domain.Model", "Domain.Model\Domain.Model.csproj", "{CE9B4A67-59F4-4FB6-BA96-A49589D769B2}"
EndProject
Project("{FAE04EC0-301F-11D3-BF4B-00C04F79EFBC}") = "Business", "Business\Business.csproj", "{22EC6C75-4CEE-4D8F-B22B-0CCE3CA925E7}"
EndProject
Project("{FAE04EC0-301F-11D3-BF4B-00C04F79EFBC}") = "Web.Api", "Web.Api\Web.Api.csproj", "{1851FFB8-1BD0-4C1E-AF45-8AD626D54E5D}"
EndProject
Project("{FAE04EC0-301F-11D3-BF4B-00C04F79EFBC}") = "Sql.Server.Access", "Sql.Server.Access\Sql.Server.Access.csproj", "{99270323-F7A6-43CF-8082-836E1B860310}"
EndProject
Project("{FAE04EC0-301F-11D3-BF4B-00C04F79EFBC}") = "Common.Layer", "Common.Layer\Common.Layer.csproj", "{925AC638-9316-4D9C-A4C5-A1716C78D54E}"
EndProject
Project("{FAE04EC0-301F-11D3-BF4B-00C04F79EFBC}") = "FrontendApp", "FrontendApp\FrontendApp.csproj", "{3C595F10-8EF4-4E9C-920E-5E9D289BCFD0}"
EndProject
Project("{2150E333-8FDC-42A3-9474-1A3956D46DE8}") = "Auth.Server.Layer", "Auth.Server.Layer", "{63D6F27A-2101-49BB-B942-7FB2C4328AA9}"
EndProject
Project("{FAE04EC0-301F-11D3-BF4B-00C04F79EFBC}") = "Auth.Server", "Auth.Server\Auth.Server.csproj", "{856D02B4-1A29-4E3B-A1B5-6723D1A68B22}"
EndProject
Project("{FAE04EC0-301F-11D3-BF4B-00C04F79EFBC}") = "MongoDb.Access", "MongoDb.Access\MongoDb.Access.csproj", "{7E0B3C92-A1E0-44C6-A213-7AF0209EDC84}"
EndProject
Global
	GlobalSection(SolutionConfigurationPlatforms) = preSolution
		Debug|Any CPU = Debug|Any CPU
		Release|Any CPU = Release|Any CPU
	EndGlobalSection
	GlobalSection(ProjectConfigurationPlatforms) = postSolution
		{CE9B4A67-59F4-4FB6-BA96-A49589D769B2}.Debug|Any CPU.ActiveCfg = Debug|Any CPU
		{CE9B4A67-59F4-4FB6-BA96-A49589D769B2}.Debug|Any CPU.Build.0 = Debug|Any CPU
		{CE9B4A67-59F4-4FB6-BA96-A49589D769B2}.Release|Any CPU.ActiveCfg = Release|Any CPU
		{CE9B4A67-59F4-4FB6-BA96-A49589D769B2}.Release|Any CPU.Build.0 = Release|Any CPU
		{22EC6C75-4CEE-4D8F-B22B-0CCE3CA925E7}.Debug|Any CPU.ActiveCfg = Debug|Any CPU
		{22EC6C75-4CEE-4D8F-B22B-0CCE3CA925E7}.Debug|Any CPU.Build.0 = Debug|Any CPU
		{22EC6C75-4CEE-4D8F-B22B-0CCE3CA925E7}.Release|Any CPU.ActiveCfg = Release|Any CPU
		{22EC6C75-4CEE-4D8F-B22B-0CCE3CA925E7}.Release|Any CPU.Build.0 = Release|Any CPU
		{1851FFB8-1BD0-4C1E-AF45-8AD626D54E5D}.Debug|Any CPU.ActiveCfg = Debug|Any CPU
		{1851FFB8-1BD0-4C1E-AF45-8AD626D54E5D}.Debug|Any CPU.Build.0 = Debug|Any CPU
		{1851FFB8-1BD0-4C1E-AF45-8AD626D54E5D}.Release|Any CPU.ActiveCfg = Release|Any CPU
		{1851FFB8-1BD0-4C1E-AF45-8AD626D54E5D}.Release|Any CPU.Build.0 = Release|Any CPU
		{99270323-F7A6-43CF-8082-836E1B860310}.Debug|Any CPU.ActiveCfg = Debug|Any CPU
		{99270323-F7A6-43CF-8082-836E1B860310}.Debug|Any CPU.Build.0 = Debug|Any CPU
		{99270323-F7A6-43CF-8082-836E1B860310}.Release|Any CPU.ActiveCfg = Release|Any CPU
		{99270323-F7A6-43CF-8082-836E1B860310}.Release|Any CPU.Build.0 = Release|Any CPU
		{925AC638-9316-4D9C-A4C5-A1716C78D54E}.Debug|Any CPU.ActiveCfg = Debug|Any CPU
		{925AC638-9316-4D9C-A4C5-A1716C78D54E}.Debug|Any CPU.Build.0 = Debug|Any CPU
		{925AC638-9316-4D9C-A4C5-A1716C78D54E}.Release|Any CPU.ActiveCfg = Release|Any CPU
		{925AC638-9316-4D9C-A4C5-A1716C78D54E}.Release|Any CPU.Build.0 = Release|Any CPU
		{3C595F10-8EF4-4E9C-920E-5E9D289BCFD0}.Debug|Any CPU.ActiveCfg = Debug|Any CPU
		{3C595F10-8EF4-4E9C-920E-5E9D289BCFD0}.Debug|Any CPU.Build.0 = Debug|Any CPU
		{3C595F10-8EF4-4E9C-920E-5E9D289BCFD0}.Release|Any CPU.ActiveCfg = Release|Any CPU
		{3C595F10-8EF4-4E9C-920E-5E9D289BCFD0}.Release|Any CPU.Build.0 = Release|Any CPU
		{856D02B4-1A29-4E3B-A1B5-6723D1A68B22}.Debug|Any CPU.ActiveCfg = Debug|Any CPU
		{856D02B4-1A29-4E3B-A1B5-6723D1A68B22}.Debug|Any CPU.Build.0 = Debug|Any CPU
		{856D02B4-1A29-4E3B-A1B5-6723D1A68B22}.Release|Any CPU.ActiveCfg = Release|Any CPU
		{856D02B4-1A29-4E3B-A1B5-6723D1A68B22}.Release|Any CPU.Build.0 = Release|Any CPU
		{7E0B3C92-A1E0-44C6-A213-7AF0209EDC84}.Debug|Any CPU.ActiveCfg = Debug|Any CPU
		{7E0B3C92-A1E0-44C6-A213-7AF0209EDC84}.Debug|Any CPU.Build.0 = Debug|Any CPU
		{7E0B3C92-A1E0-44C6-A213-7AF0209EDC84}.Release|Any CPU.ActiveCfg = Release|Any CPU
		{7E0B3C92-A1E0-44C6-A213-7AF0209EDC84}.Release|Any CPU.Build.0 = Release|Any CPU
	EndGlobalSection
	GlobalSection(SolutionProperties) = preSolution
		HideSolutionNode = FALSE
	EndGlobalSection
	GlobalSection(NestedProjects) = preSolution
		{CE9B4A67-59F4-4FB6-BA96-A49589D769B2} = {28692964-ECAF-4324-800F-0F2A38DC41CB}
		{22EC6C75-4CEE-4D8F-B22B-0CCE3CA925E7} = {60622112-16D0-49EE-9290-D16C701D7D0A}
		{1851FFB8-1BD0-4C1E-AF45-8AD626D54E5D} = {3069CC76-5DBA-48F9-86E6-ADA1915ACFFA}
		{99270323-F7A6-43CF-8082-836E1B860310} = {6C80D92C-6AD4-44D3-82DF-C987BCB48F5E}
		{925AC638-9316-4D9C-A4C5-A1716C78D54E} = {28692964-ECAF-4324-800F-0F2A38DC41CB}
		{3C595F10-8EF4-4E9C-920E-5E9D289BCFD0} = {F9C76025-EF4E-4E31-8FAD-2EE0607FCE09}
		{856D02B4-1A29-4E3B-A1B5-6723D1A68B22} = {63D6F27A-2101-49BB-B942-7FB2C4328AA9}
		{7E0B3C92-A1E0-44C6-A213-7AF0209EDC84} = {6C80D92C-6AD4-44D3-82DF-C987BCB48F5E}
	EndGlobalSection
EndGlobal
